// !$*UTF8*$!
{
	archiveVersion = 1;
	classes = {
	};
	objectVersion = 56;
	objects = {

/* Begin PBXBuildFile section */
		6360D3B52A1D29D000E89576 /* AppDelegate.swift in Sources */ = {isa = PBXBuildFile; fileRef = 6360D3B42A1D29D000E89576 /* AppDelegate.swift */; };
		6360D3B72A1D29D000E89576 /* SceneDelegate.swift in Sources */ = {isa = PBXBuildFile; fileRef = 6360D3B62A1D29D000E89576 /* SceneDelegate.swift */; };
		6360D3B92A1D29D000E89576 /* ViewController.swift in Sources */ = {isa = PBXBuildFile; fileRef = 6360D3B82A1D29D000E89576 /* ViewController.swift */; };
		6360D3BC2A1D29D000E89576 /* Main.storyboard in Resources */ = {isa = PBXBuildFile; fileRef = 6360D3BA2A1D29D000E89576 /* Main.storyboard */; };
		6360D3BE2A1D29D200E89576 /* Assets.xcassets in Resources */ = {isa = PBXBuildFile; fileRef = 6360D3BD2A1D29D200E89576 /* Assets.xcassets */; };
		6360D3C12A1D29D200E89576 /* LaunchScreen.storyboard in Resources */ = {isa = PBXBuildFile; fileRef = 6360D3BF2A1D29D200E89576 /* LaunchScreen.storyboard */; };
		6360D3CC2A1D29D300E89576 /* CalculatorAppTests.swift in Sources */ = {isa = PBXBuildFile; fileRef = 6360D3CB2A1D29D300E89576 /* CalculatorAppTests.swift */; };
		6360D3D62A1D29D300E89576 /* CalculatorAppUITests.swift in Sources */ = {isa = PBXBuildFile; fileRef = 6360D3D52A1D29D300E89576 /* CalculatorAppUITests.swift */; };
		6360D3D82A1D29D300E89576 /* CalculatorAppUITestsLaunchTests.swift in Sources */ = {isa = PBXBuildFile; fileRef = 6360D3D72A1D29D300E89576 /* CalculatorAppUITestsLaunchTests.swift */; };
/* End PBXBuildFile section */

/* Begin PBXContainerItemProxy section */
		6360D3C82A1D29D300E89576 /* PBXContainerItemProxy */ = {
			isa = PBXContainerItemProxy;
			containerPortal = 6360D3A92A1D29D000E89576 /* Project object */;
			proxyType = 1;
			remoteGlobalIDString = 6360D3B02A1D29D000E89576;
			remoteInfo = CalculatorApp;
		};
		6360D3D22A1D29D300E89576 /* PBXContainerItemProxy */ = {
			isa = PBXContainerItemProxy;
			containerPortal = 6360D3A92A1D29D000E89576 /* Project object */;
			proxyType = 1;
			remoteGlobalIDString = 6360D3B02A1D29D000E89576;
			remoteInfo = CalculatorApp;
		};
/* End PBXContainerItemProxy section */

/* Begin PBXFileReference section */
		6360D3B12A1D29D000E89576 /* CalculatorApp.app */ = {isa = PBXFileReference; explicitFileType = wrapper.application; includeInIndex = 0; path = CalculatorApp.app; sourceTree = BUILT_PRODUCTS_DIR; };
		6360D3B42A1D29D000E89576 /* AppDelegate.swift */ = {isa = PBXFileReference; lastKnownFileType = sourcecode.swift; path = AppDelegate.swift; sourceTree = "<group>"; };
		6360D3B62A1D29D000E89576 /* SceneDelegate.swift */ = {isa = PBXFileReference; lastKnownFileType = sourcecode.swift; path = SceneDelegate.swift; sourceTree = "<group>"; };
		6360D3B82A1D29D000E89576 /* ViewController.swift */ = {isa = PBXFileReference; lastKnownFileType = sourcecode.swift; path = ViewController.swift; sourceTree = "<group>"; };
		6360D3BB2A1D29D000E89576 /* Base */ = {isa = PBXFileReference; lastKnownFileType = file.storyboard; name = Base; path = Base.lproj/Main.storyboard; sourceTree = "<group>"; };
		6360D3BD2A1D29D200E89576 /* Assets.xcassets */ = {isa = PBXFileReference; lastKnownFileType = folder.assetcatalog; path = Assets.xcassets; sourceTree = "<group>"; };
		6360D3C02A1D29D200E89576 /* Base */ = {isa = PBXFileReference; lastKnownFileType = file.storyboard; name = Base; path = Base.lproj/LaunchScreen.storyboard; sourceTree = "<group>"; };
		6360D3C22A1D29D200E89576 /* Info.plist */ = {isa = PBXFileReference; lastKnownFileType = text.plist.xml; path = Info.plist; sourceTree = "<group>"; };
		6360D3C72A1D29D300E89576 /* CalculatorAppTests.xctest */ = {isa = PBXFileReference; explicitFileType = wrapper.cfbundle; includeInIndex = 0; path = CalculatorAppTests.xctest; sourceTree = BUILT_PRODUCTS_DIR; };
		6360D3CB2A1D29D300E89576 /* CalculatorAppTests.swift */ = {isa = PBXFileReference; lastKnownFileType = sourcecode.swift; path = CalculatorAppTests.swift; sourceTree = "<group>"; };
		6360D3D12A1D29D300E89576 /* CalculatorAppUITests.xctest */ = {isa = PBXFileReference; explicitFileType = wrapper.cfbundle; includeInIndex = 0; path = CalculatorAppUITests.xctest; sourceTree = BUILT_PRODUCTS_DIR; };
		6360D3D52A1D29D300E89576 /* CalculatorAppUITests.swift */ = {isa = PBXFileReference; lastKnownFileType = sourcecode.swift; path = CalculatorAppUITests.swift; sourceTree = "<group>"; };
		6360D3D72A1D29D300E89576 /* CalculatorAppUITestsLaunchTests.swift */ = {isa = PBXFileReference; lastKnownFileType = sourcecode.swift; path = CalculatorAppUITestsLaunchTests.swift; sourceTree = "<group>"; };
/* End PBXFileReference section */

/* Begin PBXFrameworksBuildPhase section */
		6360D3AE2A1D29D000E89576 /* Frameworks */ = {
			isa = PBXFrameworksBuildPhase;
			buildActionMask = 2147483647;
			files = (
			);
			runOnlyForDeploymentPostprocessing = 0;
		};
		6360D3C42A1D29D300E89576 /* Frameworks */ = {
			isa = PBXFrameworksBuildPhase;
			buildActionMask = 2147483647;
			files = (
			);
			runOnlyForDeploymentPostprocessing = 0;
		};
		6360D3CE2A1D29D300E89576 /* Frameworks */ = {
			isa = PBXFrameworksBuildPhase;
			buildActionMask = 2147483647;
			files = (
			);
			runOnlyForDeploymentPostprocessing = 0;
		};
/* End PBXFrameworksBuildPhase section */

/* Begin PBXGroup section */
		6360D3A82A1D29D000E89576 = {
			isa = PBXGroup;
			children = (
				6360D3B32A1D29D000E89576 /* CalculatorApp */,
				6360D3CA2A1D29D300E89576 /* CalculatorAppTests */,
				6360D3D42A1D29D300E89576 /* CalculatorAppUITests */,
				6360D3B22A1D29D000E89576 /* Products */,
			);
			sourceTree = "<group>";
		};
		6360D3B22A1D29D000E89576 /* Products */ = {
			isa = PBXGroup;
			children = (
				6360D3B12A1D29D000E89576 /* CalculatorApp.app */,
				6360D3C72A1D29D300E89576 /* CalculatorAppTests.xctest */,
				6360D3D12A1D29D300E89576 /* CalculatorAppUITests.xctest */,
			);
			name = Products;
			sourceTree = "<group>";
		};
		6360D3B32A1D29D000E89576 /* CalculatorApp */ = {
			isa = PBXGroup;
			children = (
				6360D3B42A1D29D000E89576 /* AppDelegate.swift */,
				6360D3B62A1D29D000E89576 /* SceneDelegate.swift */,
				6360D3B82A1D29D000E89576 /* ViewController.swift */,
				6360D3BA2A1D29D000E89576 /* Main.storyboard */,
				6360D3BD2A1D29D200E89576 /* Assets.xcassets */,
				6360D3BF2A1D29D200E89576 /* LaunchScreen.storyboard */,
				6360D3C22A1D29D200E89576 /* Info.plist */,
			);
			path = CalculatorApp;
			sourceTree = "<group>";
		};
		6360D3CA2A1D29D300E89576 /* CalculatorAppTests */ = {
			isa = PBXGroup;
			children = (
				6360D3CB2A1D29D300E89576 /* CalculatorAppTests.swift */,
			);
			path = CalculatorAppTests;
			sourceTree = "<group>";
		};
		6360D3D42A1D29D300E89576 /* CalculatorAppUITests */ = {
			isa = PBXGroup;
			children = (
				6360D3D52A1D29D300E89576 /* CalculatorAppUITests.swift */,
				6360D3D72A1D29D300E89576 /* CalculatorAppUITestsLaunchTests.swift */,
			);
			path = CalculatorAppUITests;
			sourceTree = "<group>";
		};
/* End PBXGroup section */

/* Begin PBXNativeTarget section */
		6360D3B02A1D29D000E89576 /* CalculatorApp */ = {
			isa = PBXNativeTarget;
			buildConfigurationList = 6360D3DB2A1D29D300E89576 /* Build configuration list for PBXNativeTarget "CalculatorApp" */;
			buildPhases = (
				6360D3AD2A1D29D000E89576 /* Sources */,
				6360D3AE2A1D29D000E89576 /* Frameworks */,
				6360D3AF2A1D29D000E89576 /* Resources */,
			);
			buildRules = (
			);
			dependencies = (
			);
			name = CalculatorApp;
			productName = CalculatorApp;
			productReference = 6360D3B12A1D29D000E89576 /* CalculatorApp.app */;
			productType = "com.apple.product-type.application";
		};
		6360D3C62A1D29D300E89576 /* CalculatorAppTests */ = {
			isa = PBXNativeTarget;
			buildConfigurationList = 6360D3DE2A1D29D300E89576 /* Build configuration list for PBXNativeTarget "CalculatorAppTests" */;
			buildPhases = (
				6360D3C32A1D29D300E89576 /* Sources */,
				6360D3C42A1D29D300E89576 /* Frameworks */,
				6360D3C52A1D29D300E89576 /* Resources */,
			);
			buildRules = (
			);
			dependencies = (
				6360D3C92A1D29D300E89576 /* PBXTargetDependency */,
			);
			name = CalculatorAppTests;
			productName = CalculatorAppTests;
			productReference = 6360D3C72A1D29D300E89576 /* CalculatorAppTests.xctest */;
			productType = "com.apple.product-type.bundle.unit-test";
		};
		6360D3D02A1D29D300E89576 /* CalculatorAppUITests */ = {
			isa = PBXNativeTarget;
			buildConfigurationList = 6360D3E12A1D29D300E89576 /* Build configuration list for PBXNativeTarget "CalculatorAppUITests" */;
			buildPhases = (
				6360D3CD2A1D29D300E89576 /* Sources */,
				6360D3CE2A1D29D300E89576 /* Frameworks */,
				6360D3CF2A1D29D300E89576 /* Resources */,
			);
			buildRules = (
			);
			dependencies = (
				6360D3D32A1D29D300E89576 /* PBXTargetDependency */,
			);
			name = CalculatorAppUITests;
			productName = CalculatorAppUITests;
			productReference = 6360D3D12A1D29D300E89576 /* CalculatorAppUITests.xctest */;
			productType = "com.apple.product-type.bundle.ui-testing";
		};
/* End PBXNativeTarget section */

/* Begin PBXProject section */
		6360D3A92A1D29D000E89576 /* Project object */ = {
			isa = PBXProject;
			attributes = {
				BuildIndependentTargetsInParallel = 1;
				LastSwiftUpdateCheck = 1430;
				LastUpgradeCheck = 1430;
				TargetAttributes = {
					6360D3B02A1D29D000E89576 = {
						CreatedOnToolsVersion = 14.3;
					};
					6360D3C62A1D29D300E89576 = {
						CreatedOnToolsVersion = 14.3;
						TestTargetID = 6360D3B02A1D29D000E89576;
					};
					6360D3D02A1D29D300E89576 = {
						CreatedOnToolsVersion = 14.3;
						TestTargetID = 6360D3B02A1D29D000E89576;
					};
				};
			};
			buildConfigurationList = 6360D3AC2A1D29D000E89576 /* Build configuration list for PBXProject "CalculatorApp" */;
			compatibilityVersion = "Xcode 14.0";
			developmentRegion = en;
			hasScannedForEncodings = 0;
			knownRegions = (
				en,
				Base,
			);
			mainGroup = 6360D3A82A1D29D000E89576;
			productRefGroup = 6360D3B22A1D29D000E89576 /* Products */;
			projectDirPath = "";
			projectRoot = "";
			targets = (
				6360D3B02A1D29D000E89576 /* CalculatorApp */,
				6360D3C62A1D29D300E89576 /* CalculatorAppTests */,
				6360D3D02A1D29D300E89576 /* CalculatorAppUITests */,
			);
		};
/* End PBXProject section */

/* Begin PBXResourcesBuildPhase section */
		6360D3AF2A1D29D000E89576 /* Resources */ = {
			isa = PBXResourcesBuildPhase;
			buildActionMask = 2147483647;
			files = (
				6360D3C12A1D29D200E89576 /* LaunchScreen.storyboard in Resources */,
				6360D3BE2A1D29D200E89576 /* Assets.xcassets in Resources */,
				6360D3BC2A1D29D000E89576 /* Main.storyboard in Resources */,
			);
			runOnlyForDeploymentPostprocessing = 0;
		};
		6360D3C52A1D29D300E89576 /* Resources */ = {
			isa = PBXResourcesBuildPhase;
			buildActionMask = 2147483647;
			files = (
			);
			runOnlyForDeploymentPostprocessing = 0;
		};
		6360D3CF2A1D29D300E89576 /* Resources */ = {
			isa = PBXResourcesBuildPhase;
			buildActionMask = 2147483647;
			files = (
			);
			runOnlyForDeploymentPostprocessing = 0;
		};
/* End PBXResourcesBuildPhase section */

/* Begin PBXSourcesBuildPhase section */
		6360D3AD2A1D29D000E89576 /* Sources */ = {
			isa = PBXSourcesBuildPhase;
			buildActionMask = 2147483647;
			files = (
				6360D3B92A1D29D000E89576 /* ViewController.swift in Sources */,
				6360D3B52A1D29D000E89576 /* AppDelegate.swift in Sources */,
				6360D3B72A1D29D000E89576 /* SceneDelegate.swift in Sources */,
			);
			runOnlyForDeploymentPostprocessing = 0;
		};
		6360D3C32A1D29D300E89576 /* Sources */ = {
			isa = PBXSourcesBuildPhase;
			buildActionMask = 2147483647;
			files = (
				6360D3CC2A1D29D300E89576 /* CalculatorAppTests.swift in Sources */,
			);
			runOnlyForDeploymentPostprocessing = 0;
		};
		6360D3CD2A1D29D300E89576 /* Sources */ = {
			isa = PBXSourcesBuildPhase;
			buildActionMask = 2147483647;
			files = (
				6360D3D82A1D29D300E89576 /* CalculatorAppUITestsLaunchTests.swift in Sources */,
				6360D3D62A1D29D300E89576 /* CalculatorAppUITests.swift in Sources */,
			);
			runOnlyForDeploymentPostprocessing = 0;
		};
/* End PBXSourcesBuildPhase section */

/* Begin PBXTargetDependency section */
		6360D3C92A1D29D300E89576 /* PBXTargetDependency */ = {
			isa = PBXTargetDependency;
			target = 6360D3B02A1D29D000E89576 /* CalculatorApp */;
			targetProxy = 6360D3C82A1D29D300E89576 /* PBXContainerItemProxy */;
		};
		6360D3D32A1D29D300E89576 /* PBXTargetDependency */ = {
			isa = PBXTargetDependency;
			target = 6360D3B02A1D29D000E89576 /* CalculatorApp */;
			targetProxy = 6360D3D22A1D29D300E89576 /* PBXContainerItemProxy */;
		};
/* End PBXTargetDependency section */

/* Begin PBXVariantGroup section */
		6360D3BA2A1D29D000E89576 /* Main.storyboard */ = {
			isa = PBXVariantGroup;
			children = (
				6360D3BB2A1D29D000E89576 /* Base */,
			);
			name = Main.storyboard;
			sourceTree = "<group>";
		};
		6360D3BF2A1D29D200E89576 /* LaunchScreen.storyboard */ = {
			isa = PBXVariantGroup;
			children = (
				6360D3C02A1D29D200E89576 /* Base */,
			);
			name = LaunchScreen.storyboard;
			sourceTree = "<group>";
		};
/* End PBXVariantGroup section */

/* Begin XCBuildConfiguration section */
		6360D3D92A1D29D300E89576 /* Debug */ = {
			isa = XCBuildConfiguration;
			buildSettings = {
				ALWAYS_SEARCH_USER_PATHS = NO;
				CLANG_ANALYZER_NONNULL = YES;
				CLANG_ANALYZER_NUMBER_OBJECT_CONVERSION = YES_AGGRESSIVE;
				CLANG_CXX_LANGUAGE_STANDARD = "gnu++20";
				CLANG_ENABLE_MODULES = YES;
				CLANG_ENABLE_OBJC_ARC = YES;
				CLANG_ENABLE_OBJC_WEAK = YES;
				CLANG_WARN_BLOCK_CAPTURE_AUTORELEASING = YES;
				CLANG_WARN_BOOL_CONVERSION = YES;
				CLANG_WARN_COMMA = YES;
				CLANG_WARN_CONSTANT_CONVERSION = YES;
				CLANG_WARN_DEPRECATED_OBJC_IMPLEMENTATIONS = YES;
				CLANG_WARN_DIRECT_OBJC_ISA_USAGE = YES_ERROR;
				CLANG_WARN_DOCUMENTATION_COMMENTS = YES;
				CLANG_WARN_EMPTY_BODY = YES;
				CLANG_WARN_ENUM_CONVERSION = YES;
				CLANG_WARN_INFINITE_RECURSION = YES;
				CLANG_WARN_INT_CONVERSION = YES;
				CLANG_WARN_NON_LITERAL_NULL_CONVERSION = YES;
				CLANG_WARN_OBJC_IMPLICIT_RETAIN_SELF = YES;
				CLANG_WARN_OBJC_LITERAL_CONVERSION = YES;
				CLANG_WARN_OBJC_ROOT_CLASS = YES_ERROR;
				CLANG_WARN_QUOTED_INCLUDE_IN_FRAMEWORK_HEADER = YES;
				CLANG_WARN_RANGE_LOOP_ANALYSIS = YES;
				CLANG_WARN_STRICT_PROTOTYPES = YES;
				CLANG_WARN_SUSPICIOUS_MOVE = YES;
				CLANG_WARN_UNGUARDED_AVAILABILITY = YES_AGGRESSIVE;
				CLANG_WARN_UNREACHABLE_CODE = YES;
				CLANG_WARN__DUPLICATE_METHOD_MATCH = YES;
				COPY_PHASE_STRIP = NO;
				DEBUG_INFORMATION_FORMAT = dwarf;
				ENABLE_STRICT_OBJC_MSGSEND = YES;
				ENABLE_TESTABILITY = YES;
				GCC_C_LANGUAGE_STANDARD = gnu11;
				GCC_DYNAMIC_NO_PIC = NO;
				GCC_NO_COMMON_BLOCKS = YES;
				GCC_OPTIMIZATION_LEVEL = 0;
				GCC_PREPROCESSOR_DEFINITIONS = (
					"DEBUG=1",
					"$(inherited)",
				);
				GCC_WARN_64_TO_32_BIT_CONVERSION = YES;
				GCC_WARN_ABOUT_RETURN_TYPE = YES_ERROR;
				GCC_WARN_UNDECLARED_SELECTOR = YES;
				GCC_WARN_UNINITIALIZED_AUTOS = YES_AGGRESSIVE;
				GCC_WARN_UNUSED_FUNCTION = YES;
				GCC_WARN_UNUSED_VARIABLE = YES;
				IPHONEOS_DEPLOYMENT_TARGET = 16.4;
				MTL_ENABLE_DEBUG_INFO = INCLUDE_SOURCE;
				MTL_FAST_MATH = YES;
				ONLY_ACTIVE_ARCH = YES;
				SDKROOT = iphoneos;
				SWIFT_ACTIVE_COMPILATION_CONDITIONS = DEBUG;
				SWIFT_OPTIMIZATION_LEVEL = "-Onone";
			};
			name = Debug;
		};
		6360D3DA2A1D29D300E89576 /* Release */ = {
			isa = XCBuildConfiguration;
			buildSettings = {
				ALWAYS_SEARCH_USER_PATHS = NO;
				CLANG_ANALYZER_NONNULL = YES;
				CLANG_ANALYZER_NUMBER_OBJECT_CONVERSION = YES_AGGRESSIVE;
				CLANG_CXX_LANGUAGE_STANDARD = "gnu++20";
				CLANG_ENABLE_MODULES = YES;
				CLANG_ENABLE_OBJC_ARC = YES;
				CLANG_ENABLE_OBJC_WEAK = YES;
				CLANG_WARN_BLOCK_CAPTURE_AUTORELEASING = YES;
				CLANG_WARN_BOOL_CONVERSION = YES;
				CLANG_WARN_COMMA = YES;
				CLANG_WARN_CONSTANT_CONVERSION = YES;
				CLANG_WARN_DEPRECATED_OBJC_IMPLEMENTATIONS = YES;
				CLANG_WARN_DIRECT_OBJC_ISA_USAGE = YES_ERROR;
				CLANG_WARN_DOCUMENTATION_COMMENTS = YES;
				CLANG_WARN_EMPTY_BODY = YES;
				CLANG_WARN_ENUM_CONVERSION = YES;
				CLANG_WARN_INFINITE_RECURSION = YES;
				CLANG_WARN_INT_CONVERSION = YES;
				CLANG_WARN_NON_LITERAL_NULL_CONVERSION = YES;
				CLANG_WARN_OBJC_IMPLICIT_RETAIN_SELF = YES;
				CLANG_WARN_OBJC_LITERAL_CONVERSION = YES;
				CLANG_WARN_OBJC_ROOT_CLASS = YES_ERROR;
				CLANG_WARN_QUOTED_INCLUDE_IN_FRAMEWORK_HEADER = YES;
				CLANG_WARN_RANGE_LOOP_ANALYSIS = YES;
				CLANG_WARN_STRICT_PROTOTYPES = YES;
				CLANG_WARN_SUSPICIOUS_MOVE = YES;
				CLANG_WARN_UNGUARDED_AVAILABILITY = YES_AGGRESSIVE;
				CLANG_WARN_UNREACHABLE_CODE = YES;
				CLANG_WARN__DUPLICATE_METHOD_MATCH = YES;
				COPY_PHASE_STRIP = NO;
				DEBUG_INFORMATION_FORMAT = "dwarf-with-dsym";
				ENABLE_NS_ASSERTIONS = NO;
				ENABLE_STRICT_OBJC_MSGSEND = YES;
				GCC_C_LANGUAGE_STANDARD = gnu11;
				GCC_NO_COMMON_BLOCKS = YES;
				GCC_WARN_64_TO_32_BIT_CONVERSION = YES;
				GCC_WARN_ABOUT_RETURN_TYPE = YES_ERROR;
				GCC_WARN_UNDECLARED_SELECTOR = YES;
				GCC_WARN_UNINITIALIZED_AUTOS = YES_AGGRESSIVE;
				GCC_WARN_UNUSED_FUNCTION = YES;
				GCC_WARN_UNUSED_VARIABLE = YES;
				IPHONEOS_DEPLOYMENT_TARGET = 16.4;
				MTL_ENABLE_DEBUG_INFO = NO;
				MTL_FAST_MATH = YES;
				SDKROOT = iphoneos;
				SWIFT_COMPILATION_MODE = wholemodule;
				SWIFT_OPTIMIZATION_LEVEL = "-O";
				VALIDATE_PRODUCT = YES;
			};
			name = Release;
		};
		6360D3DC2A1D29D300E89576 /* Debug */ = {
			isa = XCBuildConfiguration;
			buildSettings = {
				ASSETCATALOG_COMPILER_APPICON_NAME = AppIcon;
				ASSETCATALOG_COMPILER_GLOBAL_ACCENT_COLOR_NAME = AccentColor;
				CODE_SIGN_STYLE = Automatic;
				CURRENT_PROJECT_VERSION = 1;
				DEVELOPMENT_TEAM = 637FC6BUKX;
				GENERATE_INFOPLIST_FILE = YES;
				INFOPLIST_FILE = CalculatorApp/Info.plist;
				INFOPLIST_KEY_UIApplicationSupportsIndirectInputEvents = YES;
				INFOPLIST_KEY_UILaunchStoryboardName = LaunchScreen.storyboard;
				INFOPLIST_KEY_UIMainStoryboardFile = Main;
				INFOPLIST_KEY_UISupportedInterfaceOrientations_iPad = "UIInterfaceOrientationPortrait UIInterfaceOrientationPortraitUpsideDown UIInterfaceOrientationLandscapeLeft UIInterfaceOrientationLandscapeRight";
				INFOPLIST_KEY_UISupportedInterfaceOrientations_iPhone = "UIInterfaceOrientationPortrait UIInterfaceOrientationLandscapeLeft UIInterfaceOrientationLandscapeRight";
				LD_RUNPATH_SEARCH_PATHS = (
					"$(inherited)",
					"@executable_path/Frameworks",
				);
				MARKETING_VERSION = 1.0;
				PRODUCT_BUNDLE_IDENTIFIER = com.ekenozlu.CalculatorApp;
				PRODUCT_NAME = "$(TARGET_NAME)";
				SWIFT_EMIT_LOC_STRINGS = YES;
				SWIFT_VERSION = 5.0;
				TARGETED_DEVICE_FAMILY = "1,2";
			};
			name = Debug;
		};
		6360D3DD2A1D29D300E89576 /* Release */ = {
			isa = XCBuildConfiguration;
			buildSettings = {
				ASSETCATALOG_COMPILER_APPICON_NAME = AppIcon;
				ASSETCATALOG_COMPILER_GLOBAL_ACCENT_COLOR_NAME = AccentColor;
				CODE_SIGN_STYLE = Automatic;
				CURRENT_PROJECT_VERSION = 1;
				DEVELOPMENT_TEAM = 637FC6BUKX;
				GENERATE_INFOPLIST_FILE = YES;
				INFOPLIST_FILE = CalculatorApp/Info.plist;
				INFOPLIST_KEY_UIApplicationSupportsIndirectInputEvents = YES;
				INFOPLIST_KEY_UILaunchStoryboardName = LaunchScreen.storyboard;
				INFOPLIST_KEY_UIMainStoryboardFile = Main;
				INFOPLIST_KEY_UISupportedInterfaceOrientations_iPad = "UIInterfaceOrientationPortrait UIInterfaceOrientationPortraitUpsideDown UIInterfaceOrientationLandscapeLeft UIInterfaceOrientationLandscapeRight";
				INFOPLIST_KEY_UISupportedInterfaceOrientations_iPhone = "UIInterfaceOrientationPortrait UIInterfaceOrientationLandscapeLeft UIInterfaceOrientationLandscapeRight";
				LD_RUNPATH_SEARCH_PATHS = (
					"$(inherited)",
					"@executable_path/Frameworks",
				);
				MARKETING_VERSION = 1.0;
				PRODUCT_BUNDLE_IDENTIFIER = com.ekenozlu.CalculatorApp;
				PRODUCT_NAME = "$(TARGET_NAME)";
				SWIFT_EMIT_LOC_STRINGS = YES;
				SWIFT_VERSION = 5.0;
				TARGETED_DEVICE_FAMILY = "1,2";
			};
			name = Release;
		};
		6360D3DF2A1D29D300E89576 /* Debug */ = {
			isa = XCBuildConfiguration;
			buildSettings = {
				ALWAYS_EMBED_SWIFT_STANDARD_LIBRARIES = YES;
				BUNDLE_LOADER = "$(TEST_HOST)";
				CODE_SIGN_STYLE = Automatic;
				CURRENT_PROJECT_VERSION = 1;
				DEVELOPMENT_TEAM = 637FC6BUKX;
				GENERATE_INFOPLIST_FILE = YES;
				IPHONEOS_DEPLOYMENT_TARGET = 16.4;
				MARKETING_VERSION = 1.0;
				PRODUCT_BUNDLE_IDENTIFIER = com.ekenozlu.CalculatorAppTests;
				PRODUCT_NAME = "$(TARGET_NAME)";
				SWIFT_EMIT_LOC_STRINGS = NO;
				SWIFT_VERSION = 5.0;
				TARGETED_DEVICE_FAMILY = "1,2";
				TEST_HOST = "$(BUILT_PRODUCTS_DIR)/CalculatorApp.app/$(BUNDLE_EXECUTABLE_FOLDER_PATH)/CalculatorApp";
			};
			name = Debug;
		};
		6360D3E02A1D29D300E89576 /* Release */ = {
			isa = XCBuildConfiguration;
			buildSettings = {
				ALWAYS_EMBED_SWIFT_STANDARD_LIBRARIES = YES;
				BUNDLE_LOADER = "$(TEST_HOST)";
				CODE_SIGN_STYLE = Automatic;
				CURRENT_PROJECT_VERSION = 1;
				DEVELOPMENT_TEAM = 637FC6BUKX;
				GENERATE_INFOPLIST_FILE = YES;
				IPHONEOS_DEPLOYMENT_TARGET = 16.4;
				MARKETING_VERSION = 1.0;
				PRODUCT_BUNDLE_IDENTIFIER = com.ekenozlu.CalculatorAppTests;
				PRODUCT_NAME = "$(TARGET_NAME)";
				SWIFT_EMIT_LOC_STRINGS = NO;
				SWIFT_VERSION = 5.0;
				TARGETED_DEVICE_FAMILY = "1,2";
				TEST_HOST = "$(BUILT_PRODUCTS_DIR)/CalculatorApp.app/$(BUNDLE_EXECUTABLE_FOLDER_PATH)/CalculatorApp";
			};
			name = Release;
		};
		6360D3E22A1D29D300E89576 /* Debug */ = {
			isa = XCBuildConfiguration;
			buildSettings = {
				ALWAYS_EMBED_SWIFT_STANDARD_LIBRARIES = YES;
				CODE_SIGN_STYLE = Automatic;
				CURRENT_PROJECT_VERSION = 1;
				DEVELOPMENT_TEAM = 637FC6BUKX;
				GENERATE_INFOPLIST_FILE = YES;
				MARKETING_VERSION = 1.0;
				PRODUCT_BUNDLE_IDENTIFIER = com.ekenozlu.CalculatorAppUITests;
				PRODUCT_NAME = "$(TARGET_NAME)";
				SWIFT_EMIT_LOC_STRINGS = NO;
				SWIFT_VERSION = 5.0;
				TARGETED_DEVICE_FAMILY = "1,2";
				TEST_TARGET_NAME = CalculatorApp;
			};
			name = Debug;
		};
		6360D3E32A1D29D300E89576 /* Release */ = {
			isa = XCBuildConfiguration;
			buildSettings = {
				ALWAYS_EMBED_SWIFT_STANDARD_LIBRARIES = YES;
				CODE_SIGN_STYLE = Automatic;
				CURRENT_PROJECT_VERSION = 1;
				DEVELOPMENT_TEAM = 637FC6BUKX;
				GENERATE_INFOPLIST_FILE = YES;
				MARKETING_VERSION = 1.0;
				PRODUCT_BUNDLE_IDENTIFIER = com.ekenozlu.CalculatorAppUITests;
				PRODUCT_NAME = "$(TARGET_NAME)";
				SWIFT_EMIT_LOC_STRINGS = NO;
				SWIFT_VERSION = 5.0;
				TARGETED_DEVICE_FAMILY = "1,2";
				TEST_TARGET_NAME = CalculatorApp;
			};
			name = Release;
		};
/* End XCBuildConfiguration section */

/* Begin XCConfigurationList section */
		6360D3AC2A1D29D000E89576 /* Build configuration list for PBXProject "CalculatorApp" */ = {
			isa = XCConfigurationList;
			buildConfigurations = (
				6360D3D92A1D29D300E89576 /* Debug */,
				6360D3DA2A1D29D300E89576 /* Release */,
			);
			defaultConfigurationIsVisible = 0;
			defaultConfigurationName = Release;
		};
		6360D3DB2A1D29D300E89576 /* Build configuration list for PBXNativeTarget "CalculatorApp" */ = {
			isa = XCConfigurationList;
			buildConfigurations = (
				6360D3DC2A1D29D300E89576 /* Debug */,
				6360D3DD2A1D29D300E89576 /* Release */,
			);
			defaultConfigurationIsVisible = 0;
			defaultConfigurationName = Release;
		};
		6360D3DE2A1D29D300E89576 /* Build configuration list for PBXNativeTarget "CalculatorAppTests" */ = {
			isa = XCConfigurationList;
			buildConfigurations = (
				6360D3DF2A1D29D300E89576 /* Debug */,
				6360D3E02A1D29D300E89576 /* Release */,
			);
			defaultConfigurationIsVisible = 0;
			defaultConfigurationName = Release;
		};
		6360D3E12A1D29D300E89576 /* Build configuration list for PBXNativeTarget "CalculatorAppUITests" */ = {
			isa = XCConfigurationList;
			buildConfigurations = (
				6360D3E22A1D29D300E89576 /* Debug */,
				6360D3E32A1D29D300E89576 /* Release */,
			);
			defaultConfigurationIsVisible = 0;
			defaultConfigurationName = Release;
		};
/* End XCConfigurationList section */
	};
	rootObject = 6360D3A92A1D29D000E89576 /* Project object */;
}
